
Microsoft Visual Studio Solution File, Format Version 12.00
# Visual Studio Version 17
VisualStudioVersion = 17.4.33213.308
MinimumVisualStudioVersion = 10.0.40219.1
Project("{FAE04EC0-301F-11D3-BF4B-00C04F79EFBC}") = "GreatestFilms", "GreatestFilms\GreatestFilms.csproj", "{A797FEBC-8ADB-43E2-939C-CAEA25DD15EA}"
EndProject
Global
	GlobalSection(SolutionConfigurationPlatforms) = preSolution
		Debug|Any CPU = Debug|Any CPU
		Release|Any CPU = Release|Any CPU
	EndGlobalSection
	GlobalSection(ProjectConfigurationPlatforms) = postSolution
		{A797FEBC-8ADB-43E2-939C-CAEA25DD15EA}.Debug|Any CPU.ActiveCfg = Debug|Any CPU
		{A797FEBC-8ADB-43E2-939C-CAEA25DD15EA}.Debug|Any CPU.Build.0 = Debug|Any CPU
		{A797FEBC-8ADB-43E2-939C-CAEA25DD15EA}.Release|Any CPU.ActiveCfg = Release|Any CPU
		{A797FEBC-8ADB-43E2-939C-CAEA25DD15EA}.Release|Any CPU.Build.0 = Release|Any CPU
	EndGlobalSection
	GlobalSection(SolutionProperties) = preSolution
		HideSolutionNode = FALSE
	EndGlobalSection
	GlobalSection(ExtensibilityGlobals) = postSolution
		SolutionGuid = {710CC2AB-84D5-4605-B722-6C460A069C2B}
	EndGlobalSection
EndGlobal
